
Microsoft Visual Studio Solution File, Format Version 12.00
# Visual Studio Version 16
VisualStudioVersion = 16.0.29920.165
MinimumVisualStudioVersion = 10.0.40219.1
Project("{2150E333-8FDC-42A3-9474-1A3956D46DE8}") = "Solution Items", "Solution Items", "{6E1CEF7D-93BD-45D8-92AE-CDA550BAB928}"
	ProjectSection(SolutionItems) = preProject
		Directory.Build.props = Directory.Build.props
		Directory.Build.targets = Directory.Build.targets
		global.json = global.json
		NuGet.Config = NuGet.Config
		README.MD = README.MD
		wpdotnet.png = wpdotnet.png
	EndProjectSection
EndProject
Project("{9A19103F-16F7-4668-BE54-9A1E7A4F7556}") = "app", "app\app.csproj", "{371840CB-3D6C-43EE-8E73-B74710F4CDE7}"
EndProject
Project("{9A19103F-16F7-4668-BE54-9A1E7A4F7556}") = "PeachPied.WordPress.Standard", "PeachPied.WordPress.Standard\PeachPied.WordPress.Standard.csproj", "{297E2B76-AB54-4DE5-AFAA-17BDD9D6F1DB}"
EndProject
Project("{9A19103F-16F7-4668-BE54-9A1E7A4F7556}") = "PeachPied.WordPress.AspNetCore", "PeachPied.WordPress.AspNetCore\PeachPied.WordPress.AspNetCore.csproj", "{FB21DF28-85EF-4E21-9116-9C75C8AE31DD}"
EndProject
Project("{13B669BE-BB05-4DDF-9536-439F39A36129}") = "PeachPied.WordPress", "wordpress\PeachPied.WordPress.msbuildproj", "{0E51D101-0992-4AA6-A134-26EA3F2E3934}"
EndProject
Project("{2150E333-8FDC-42A3-9474-1A3956D46DE8}") = "Plugins", "Plugins", "{9804AA94-2F4D-41B9-8C70-0A2337F91C0C}"
	ProjectSection(SolutionItems) = preProject
		plugins\PhpPlugin.Build.targets = plugins\PhpPlugin.Build.targets
	EndProjectSection
EndProject
Project("{13B669BE-BB05-4DDF-9536-439F39A36129}") = "PeachPied.WordPress.DotNetBridge", "plugins\PeachPied.WordPress.DotNetBridge\PeachPied.WordPress.DotNetBridge.msbuildproj", "{B4D65744-3AC3-46B3-8756-E4E0F5ECEAE5}"
EndProject
Project("{9A19103F-16F7-4668-BE54-9A1E7A4F7556}") = "PeachPied.WordPress.NuGetPlugins", "plugins\PeachPied.WordPress.NuGetPlugins\PeachPied.WordPress.NuGetPlugins.csproj", "{628789D3-AECC-4D22-9B7B-6BA36454F3AF}"
EndProject
Project("{9A19103F-16F7-4668-BE54-9A1E7A4F7556}") = "PeachPied.WordPress.Build.Plugin", "PeachPied.WordPress.Build.Plugin\PeachPied.WordPress.Build.Plugin.csproj", "{0A7D5CE3-4F85-48D7-BFC2-5669ED42A54D}"
EndProject
Project("{2150E333-8FDC-42A3-9474-1A3956D46DE8}") = "Tests", "Tests", "{C906C21A-FF54-42AD-BBEA-36B28FBE3A81}"
EndProject
Project("{9A19103F-16F7-4668-BE54-9A1E7A4F7556}") = "Build.Plugin.Tests", "tests\Build.Plugin.Tests\Build.Plugin.Tests.csproj", "{60EDA913-F00F-47F5-B30E-026D3F696C07}"
EndProject
Project("{9A19103F-16F7-4668-BE54-9A1E7A4F7556}") = "PeachPied.WordPress.HotPlug", "plugins\PeachPied.WordPress.HotPlug\PeachPied.WordPress.HotPlug.csproj", "{36FC3271-CCD6-4B00-A2DD-9130775E5E5A}"
EndProject
Project("{9A19103F-16F7-4668-BE54-9A1E7A4F7556}") = "PeachPied.WordPress.DotNet", "plugins\PeachPied.WordPress.DotNet\PeachPied.WordPress.DotNet.csproj", "{2A32BBFC-BC21-4F13-9578-B5C01AF2851F}"
EndProject
Global
	GlobalSection(SolutionConfigurationPlatforms) = preSolution
		Debug|Any CPU = Debug|Any CPU
		Release|Any CPU = Release|Any CPU
	EndGlobalSection
	GlobalSection(ProjectConfigurationPlatforms) = postSolution
		{371840CB-3D6C-43EE-8E73-B74710F4CDE7}.Debug|Any CPU.ActiveCfg = Debug|Any CPU
		{371840CB-3D6C-43EE-8E73-B74710F4CDE7}.Debug|Any CPU.Build.0 = Debug|Any CPU
		{371840CB-3D6C-43EE-8E73-B74710F4CDE7}.Release|Any CPU.ActiveCfg = Release|Any CPU
		{371840CB-3D6C-43EE-8E73-B74710F4CDE7}.Release|Any CPU.Build.0 = Release|Any CPU
		{297E2B76-AB54-4DE5-AFAA-17BDD9D6F1DB}.Debug|Any CPU.ActiveCfg = Debug|Any CPU
		{297E2B76-AB54-4DE5-AFAA-17BDD9D6F1DB}.Debug|Any CPU.Build.0 = Debug|Any CPU
		{297E2B76-AB54-4DE5-AFAA-17BDD9D6F1DB}.Release|Any CPU.ActiveCfg = Release|Any CPU
		{297E2B76-AB54-4DE5-AFAA-17BDD9D6F1DB}.Release|Any CPU.Build.0 = Release|Any CPU
		{FB21DF28-85EF-4E21-9116-9C75C8AE31DD}.Debug|Any CPU.ActiveCfg = Debug|Any CPU
		{FB21DF28-85EF-4E21-9116-9C75C8AE31DD}.Debug|Any CPU.Build.0 = Debug|Any CPU
		{FB21DF28-85EF-4E21-9116-9C75C8AE31DD}.Release|Any CPU.ActiveCfg = Release|Any CPU
		{FB21DF28-85EF-4E21-9116-9C75C8AE31DD}.Release|Any CPU.Build.0 = Release|Any CPU
		{0E51D101-0992-4AA6-A134-26EA3F2E3934}.Debug|Any CPU.ActiveCfg = Debug|Any CPU
		{0E51D101-0992-4AA6-A134-26EA3F2E3934}.Debug|Any CPU.Build.0 = Debug|Any CPU
		{0E51D101-0992-4AA6-A134-26EA3F2E3934}.Release|Any CPU.ActiveCfg = Release|Any CPU
		{0E51D101-0992-4AA6-A134-26EA3F2E3934}.Release|Any CPU.Build.0 = Release|Any CPU
		{B4D65744-3AC3-46B3-8756-E4E0F5ECEAE5}.Debug|Any CPU.ActiveCfg = Debug|Any CPU
		{B4D65744-3AC3-46B3-8756-E4E0F5ECEAE5}.Debug|Any CPU.Build.0 = Debug|Any CPU
		{B4D65744-3AC3-46B3-8756-E4E0F5ECEAE5}.Release|Any CPU.ActiveCfg = Release|Any CPU
		{B4D65744-3AC3-46B3-8756-E4E0F5ECEAE5}.Release|Any CPU.Build.0 = Release|Any CPU
		{628789D3-AECC-4D22-9B7B-6BA36454F3AF}.Debug|Any CPU.ActiveCfg = Debug|Any CPU
		{628789D3-AECC-4D22-9B7B-6BA36454F3AF}.Debug|Any CPU.Build.0 = Debug|Any CPU
		{628789D3-AECC-4D22-9B7B-6BA36454F3AF}.Release|Any CPU.ActiveCfg = Release|Any CPU
		{628789D3-AECC-4D22-9B7B-6BA36454F3AF}.Release|Any CPU.Build.0 = Release|Any CPU
		{0A7D5CE3-4F85-48D7-BFC2-5669ED42A54D}.Debug|Any CPU.ActiveCfg = Debug|Any CPU
		{0A7D5CE3-4F85-48D7-BFC2-5669ED42A54D}.Debug|Any CPU.Build.0 = Debug|Any CPU
		{0A7D5CE3-4F85-48D7-BFC2-5669ED42A54D}.Release|Any CPU.ActiveCfg = Release|Any CPU
		{0A7D5CE3-4F85-48D7-BFC2-5669ED42A54D}.Release|Any CPU.Build.0 = Release|Any CPU
		{60EDA913-F00F-47F5-B30E-026D3F696C07}.Debug|Any CPU.ActiveCfg = Debug|Any CPU
		{60EDA913-F00F-47F5-B30E-026D3F696C07}.Debug|Any CPU.Build.0 = Debug|Any CPU
		{60EDA913-F00F-47F5-B30E-026D3F696C07}.Release|Any CPU.ActiveCfg = Release|Any CPU
		{60EDA913-F00F-47F5-B30E-026D3F696C07}.Release|Any CPU.Build.0 = Release|Any CPU
		{36FC3271-CCD6-4B00-A2DD-9130775E5E5A}.Debug|Any CPU.ActiveCfg = Debug|Any CPU
		{36FC3271-CCD6-4B00-A2DD-9130775E5E5A}.Debug|Any CPU.Build.0 = Debug|Any CPU
		{36FC3271-CCD6-4B00-A2DD-9130775E5E5A}.Release|Any CPU.ActiveCfg = Release|Any CPU
		{36FC3271-CCD6-4B00-A2DD-9130775E5E5A}.Release|Any CPU.Build.0 = Release|Any CPU
		{2A32BBFC-BC21-4F13-9578-B5C01AF2851F}.Debug|Any CPU.ActiveCfg = Debug|Any CPU
		{2A32BBFC-BC21-4F13-9578-B5C01AF2851F}.Debug|Any CPU.Build.0 = Debug|Any CPU
		{2A32BBFC-BC21-4F13-9578-B5C01AF2851F}.Release|Any CPU.ActiveCfg = Release|Any CPU
		{2A32BBFC-BC21-4F13-9578-B5C01AF2851F}.Release|Any CPU.Build.0 = Release|Any CPU
	EndGlobalSection
	GlobalSection(SolutionProperties) = preSolution
		HideSolutionNode = FALSE
	EndGlobalSection
	GlobalSection(NestedProjects) = preSolution
		{B4D65744-3AC3-46B3-8756-E4E0F5ECEAE5} = {9804AA94-2F4D-41B9-8C70-0A2337F91C0C}
		{628789D3-AECC-4D22-9B7B-6BA36454F3AF} = {9804AA94-2F4D-41B9-8C70-0A2337F91C0C}
		{60EDA913-F00F-47F5-B30E-026D3F696C07} = {C906C21A-FF54-42AD-BBEA-36B28FBE3A81}
		{36FC3271-CCD6-4B00-A2DD-9130775E5E5A} = {9804AA94-2F4D-41B9-8C70-0A2337F91C0C}
		{2A32BBFC-BC21-4F13-9578-B5C01AF2851F} = {9804AA94-2F4D-41B9-8C70-0A2337F91C0C}
	EndGlobalSection
	GlobalSection(ExtensibilityGlobals) = postSolution
		SolutionGuid = {439122F2-5021-44BB-A50B-A3627AD58C09}
	EndGlobalSection
EndGlobal
